# This file was autogenerated by Stack.
# You should not edit this file by hand.
# For more information, please see the documentation at:
#   https://docs.haskellstack.org/en/stable/lock_files

packages:
- completed:
    hackage: fraction-0.1.0.6@sha256:06248ea9902efa0744d0491ab0e28a79acb2df9785a285aef0372ab08353019d,1194
    pantry-tree:
      size: 214
      sha256: 90f0a9dc00d2d1e2fdedc566e348d537b8ffc86a0c8b7faaad5cfc67414af5e7
  original:
    hackage: fraction-0.1.0.6
- completed:
    hackage: happstack-lite-7.3.6@sha256:cf7f6ccfffbd3c982aa1e46de00b73b07c0c5fd755dc803ac7463f1775a6a0e9,1002
    pantry-tree:
      size: 217
      sha256: 801088eb0506100aa7c8b2c64eb833adfa37d55f54082d49bfe82c2ebbbc8ca2
  original:
    hackage: happstack-lite-7.3.6
- completed:
    hackage: happstack-server-7.4.6.4@sha256:7bc7124848e54d080c83d14d12bed0b21d4643ebb3cd3bdcfbf6e6e3d9367f15,6211
    pantry-tree:
      size: 3201
      sha256: 4453af708a02899e29a58de7c3b0f1635e77b3ea2a711d73437abf0a5334d9d5
  original:
    hackage: happstack-server-7.4.6.4
snapshots:
- completed:
    size: 533451
    url: https://raw.githubusercontent.com/commercialhaskell/stackage-snapshots/master/lts/9/0.yaml
    sha256: 27f29b231b39ea68e967a7a4346b2693a49d77c50f41fc0c276e11189a538da7
  original: lts-9.0
